
Microsoft Visual Studio Solution File, Format Version 12.00
# Visual Studio Version 17
VisualStudioVersion = 17.11.35327.3
MinimumVisualStudioVersion = 10.0.40219.1
Project("{FAE04EC0-301F-11D3-BF4B-00C04F79EFBC}") = "ExamHub", "ExamHub\ExamHub.csproj", "{FC48A4EE-B965-4392-B6B3-D0823E15241F}"
EndProject
Global
	GlobalSection(SolutionConfigurationPlatforms) = preSolution
		Debug|Any CPU = Debug|Any CPU
		Release|Any CPU = Release|Any CPU
	EndGlobalSection
	GlobalSection(ProjectConfigurationPlatforms) = postSolution
		{FC48A4EE-B965-4392-B6B3-D0823E15241F}.Debug|Any CPU.ActiveCfg = Debug|Any CPU
		{FC48A4EE-B965-4392-B6B3-D0823E15241F}.Debug|Any CPU.Build.0 = Debug|Any CPU
		{FC48A4EE-B965-4392-B6B3-D0823E15241F}.Release|Any CPU.ActiveCfg = Release|Any CPU
		{FC48A4EE-B965-4392-B6B3-D0823E15241F}.Release|Any CPU.Build.0 = Release|Any CPU
	EndGlobalSection
	GlobalSection(SolutionProperties) = preSolution
		HideSolutionNode = FALSE
	EndGlobalSection
	GlobalSection(ExtensibilityGlobals) = postSolution
		SolutionGuid = {3DFA856F-E08E-4994-83CC-7A75505A4A7A}
	EndGlobalSection
EndGlobal
